
Microsoft Visual Studio Solution File, Format Version 9.00
# Visual Studio 2005
Project("{FAE04EC0-301F-11D3-BF4B-00C04F79EFBC}") = "UnitTest", "UnitTest\UnitTest.csproj", "{7EDDB6DA-CE2D-433C-9EB3-AFE193A9E2F5}"
EndProject
Project("{FAE04EC0-301F-11D3-BF4B-00C04F79EFBC}") = "NanaLib", "NanaLib\NanaLib.csproj", "{156709B5-A906-4A56-8C2F-F4E162884F25}"
EndProject
Project("{FAE04EC0-301F-11D3-BF4B-00C04F79EFBC}") = "Nana", "Nana\Nana.csproj", "{ABAA7F1A-2D4C-4E56-A320-493C30948265}"
EndProject
Global
	GlobalSection(SolutionConfigurationPlatforms) = preSolution
		Debug|Any CPU = Debug|Any CPU
		Release|Any CPU = Release|Any CPU
	EndGlobalSection
	GlobalSection(ProjectConfigurationPlatforms) = postSolution
		{7EDDB6DA-CE2D-433C-9EB3-AFE193A9E2F5}.Debug|Any CPU.ActiveCfg = Debug|Any CPU
		{7EDDB6DA-CE2D-433C-9EB3-AFE193A9E2F5}.Debug|Any CPU.Build.0 = Debug|Any CPU
		{7EDDB6DA-CE2D-433C-9EB3-AFE193A9E2F5}.Release|Any CPU.ActiveCfg = Release|Any CPU
		{7EDDB6DA-CE2D-433C-9EB3-AFE193A9E2F5}.Release|Any CPU.Build.0 = Release|Any CPU
		{156709B5-A906-4A56-8C2F-F4E162884F25}.Debug|Any CPU.ActiveCfg = Debug|Any CPU
		{156709B5-A906-4A56-8C2F-F4E162884F25}.Debug|Any CPU.Build.0 = Debug|Any CPU
		{156709B5-A906-4A56-8C2F-F4E162884F25}.Release|Any CPU.ActiveCfg = Release|Any CPU
		{156709B5-A906-4A56-8C2F-F4E162884F25}.Release|Any CPU.Build.0 = Release|Any CPU
		{ABAA7F1A-2D4C-4E56-A320-493C30948265}.Debug|Any CPU.ActiveCfg = Debug|Any CPU
		{ABAA7F1A-2D4C-4E56-A320-493C30948265}.Debug|Any CPU.Build.0 = Debug|Any CPU
		{ABAA7F1A-2D4C-4E56-A320-493C30948265}.Release|Any CPU.ActiveCfg = Release|Any CPU
		{ABAA7F1A-2D4C-4E56-A320-493C30948265}.Release|Any CPU.Build.0 = Release|Any CPU
	EndGlobalSection
	GlobalSection(SolutionProperties) = preSolution
		HideSolutionNode = FALSE
	EndGlobalSection
EndGlobal
